
Microsoft Visual Studio Solution File, Format Version 12.00
# Visual Studio 15
VisualStudioVersion = 15.0.28307.489
MinimumVisualStudioVersion = 10.0.40219.1
Project("{FAE04EC0-301F-11D3-BF4B-00C04F79EFBC}") = "StudentExercisesADO.NET", "StudentExercisesADO.NET\StudentExercisesADO.NET.csproj", "{83D2AFEC-BD31-4269-8EB9-0E96D4D8772C}"
EndProject
Global
	GlobalSection(SolutionConfigurationPlatforms) = preSolution
		Debug|Any CPU = Debug|Any CPU
		Release|Any CPU = Release|Any CPU
	EndGlobalSection
	GlobalSection(ProjectConfigurationPlatforms) = postSolution
		{83D2AFEC-BD31-4269-8EB9-0E96D4D8772C}.Debug|Any CPU.ActiveCfg = Debug|Any CPU
		{83D2AFEC-BD31-4269-8EB9-0E96D4D8772C}.Debug|Any CPU.Build.0 = Debug|Any CPU
		{83D2AFEC-BD31-4269-8EB9-0E96D4D8772C}.Release|Any CPU.ActiveCfg = Release|Any CPU
		{83D2AFEC-BD31-4269-8EB9-0E96D4D8772C}.Release|Any CPU.Build.0 = Release|Any CPU
	EndGlobalSection
	GlobalSection(SolutionProperties) = preSolution
		HideSolutionNode = FALSE
	EndGlobalSection
	GlobalSection(ExtensibilityGlobals) = postSolution
		SolutionGuid = {C9A56C97-9069-4E2C-A6B4-A62639E6D56D}
	EndGlobalSection
EndGlobal
